
Microsoft Visual Studio Solution File, Format Version 12.00
# Visual Studio 15
VisualStudioVersion = 15.0.26228.9
MinimumVisualStudioVersion = 10.0.40219.1
Project("{FAE04EC0-301F-11D3-BF4B-00C04F79EFBC}") = "ReportingCompliance", "ReportingCompliance\ReportingCompliance.csproj", "{AB61D1F2-B3B4-425D-9BCE-D764944B87BD}"
EndProject
Global
	GlobalSection(SolutionConfigurationPlatforms) = preSolution
		Debug|Any CPU = Debug|Any CPU
		Release|Any CPU = Release|Any CPU
	EndGlobalSection
	GlobalSection(ProjectConfigurationPlatforms) = postSolution
		{AB61D1F2-B3B4-425D-9BCE-D764944B87BD}.Debug|Any CPU.ActiveCfg = Debug|Any CPU
		{AB61D1F2-B3B4-425D-9BCE-D764944B87BD}.Debug|Any CPU.Build.0 = Debug|Any CPU
		{AB61D1F2-B3B4-425D-9BCE-D764944B87BD}.Release|Any CPU.ActiveCfg = Release|Any CPU
		{AB61D1F2-B3B4-425D-9BCE-D764944B87BD}.Release|Any CPU.Build.0 = Release|Any CPU
	EndGlobalSection
	GlobalSection(SolutionProperties) = preSolution
		HideSolutionNode = FALSE
	EndGlobalSection
EndGlobal
